
Microsoft Visual Studio Solution File, Format Version 9.00
# Visual Studio 2005
Project("{8BC9CEB8-8B4A-11D0-8D11-00A0C91BC942}") = "BitStation", "BitStation.vcproj", "{C06E85CF-D0D2-48D3-946E-56075FF1353E}"
EndProject
Global
	GlobalSection(SolutionConfigurationPlatforms) = preSolution
		Debug|Win32 = Debug|Win32
		Release|Win32 = Release|Win32
	EndGlobalSection
	GlobalSection(ProjectConfigurationPlatforms) = postSolution
		{C06E85CF-D0D2-48D3-946E-56075FF1353E}.Debug|Win32.ActiveCfg = Debug|Win32
		{C06E85CF-D0D2-48D3-946E-56075FF1353E}.Debug|Win32.Build.0 = Debug|Win32
		{C06E85CF-D0D2-48D3-946E-56075FF1353E}.Release|Win32.ActiveCfg = Release|Win32
		{C06E85CF-D0D2-48D3-946E-56075FF1353E}.Release|Win32.Build.0 = Release|Win32
	EndGlobalSection
	GlobalSection(SolutionProperties) = preSolution
		HideSolutionNode = FALSE
	EndGlobalSection
EndGlobal
